// !$*UTF8*$!
{
	archiveVersion = 1;
	classes = {
	};
	objectVersion = 77;
	objects = {

/* Begin PBXBuildFile section */
		BA4B63C92E8E8A280095F52E /* FavoritesView.swift in Sources */ = {isa = PBXBuildFile; fileRef = BA4B63B52E8E8A280095F52E /* FavoritesView.swift */; };
		BA4B63CA2E8E8A280095F52E /* PostDetailView.swift in Sources */ = {isa = PBXBuildFile; fileRef = BA4B63B72E8E8A280095F52E /* PostDetailView.swift */; };
		BA4B63CB2E8E8A280095F52E /* PostRowView.swift in Sources */ = {isa = PBXBuildFile; fileRef = BA4B63B82E8E8A280095F52E /* PostRowView.swift */; };
		BA4B63CC2E8E8A280095F52E /* PostsListView.swift in Sources */ = {isa = PBXBuildFile; fileRef = BA4B63B92E8E8A280095F52E /* PostsListView.swift */; };
		BA4B63CD2E8E8A280095F52E /* HomeView.swift in Sources */ = {isa = PBXBuildFile; fileRef = BA4B63BB2E8E8A280095F52E /* HomeView.swift */; };
		BA4B63CE2E8E8A280095F52E /* PostViewerApp.swift in Sources */ = {isa = PBXBuildFile; fileRef = BA4B63BD2E8E8A280095F52E /* PostViewerApp.swift */; };
		BA4B63CF2E8E8A280095F52E /* PostModel.swift in Sources */ = {isa = PBXBuildFile; fileRef = BA4B63BF2E8E8A280095F52E /* PostModel.swift */; };
		BA4B63D02E8E8A280095F52E /* NetworkManager.swift in Sources */ = {isa = PBXBuildFile; fileRef = BA4B63C12E8E8A280095F52E /* NetworkManager.swift */; };
		BA4B63D12E8E8A280095F52E /* PostsViewModel.swift in Sources */ = {isa = PBXBuildFile; fileRef = BA4B63C32E8E8A280095F52E /* PostsViewModel.swift */; };
		BA4B63D22E8E8A280095F52E /* ContentView.swift in Sources */ = {isa = PBXBuildFile; fileRef = BA4B63C62E8E8A280095F52E /* ContentView.swift */; };
		BA4B63D42E8E8A280095F52E /* Assets.xcassets in Resources */ = {isa = PBXBuildFile; fileRef = BA4B63C52E8E8A280095F52E /* Assets.xcassets */; };
		BA4B67D62E8E97460095F52E /* Images.xcassets in Resources */ = {isa = PBXBuildFile; fileRef = BA4B67D52E8E97460095F52E /* Images.xcassets */; };
/* End PBXBuildFile section */

/* Begin PBXFileReference section */
		BA4B63B52E8E8A280095F52E /* FavoritesView.swift */ = {isa = PBXFileReference; lastKnownFileType = sourcecode.swift; path = FavoritesView.swift; sourceTree = "<group>"; };
		BA4B63B72E8E8A280095F52E /* PostDetailView.swift */ = {isa = PBXFileReference; lastKnownFileType = sourcecode.swift; path = PostDetailView.swift; sourceTree = "<group>"; };
		BA4B63B82E8E8A280095F52E /* PostRowView.swift */ = {isa = PBXFileReference; lastKnownFileType = sourcecode.swift; path = PostRowView.swift; sourceTree = "<group>"; };
		BA4B63B92E8E8A280095F52E /* PostsListView.swift */ = {isa = PBXFileReference; lastKnownFileType = sourcecode.swift; path = PostsListView.swift; sourceTree = "<group>"; };
		BA4B63BB2E8E8A280095F52E /* HomeView.swift */ = {isa = PBXFileReference; lastKnownFileType = sourcecode.swift; path = HomeView.swift; sourceTree = "<group>"; };
		BA4B63BD2E8E8A280095F52E /* PostViewerApp.swift */ = {isa = PBXFileReference; lastKnownFileType = sourcecode.swift; path = PostViewerApp.swift; sourceTree = "<group>"; };
		BA4B63BF2E8E8A280095F52E /* PostModel.swift */ = {isa = PBXFileReference; lastKnownFileType = sourcecode.swift; path = PostModel.swift; sourceTree = "<group>"; };
		BA4B63C12E8E8A280095F52E /* NetworkManager.swift */ = {isa = PBXFileReference; lastKnownFileType = sourcecode.swift; path = NetworkManager.swift; sourceTree = "<group>"; };
		BA4B63C32E8E8A280095F52E /* PostsViewModel.swift */ = {isa = PBXFileReference; lastKnownFileType = sourcecode.swift; path = PostsViewModel.swift; sourceTree = "<group>"; };
		BA4B63C52E8E8A280095F52E /* Assets.xcassets */ = {isa = PBXFileReference; lastKnownFileType = folder.assetcatalog; path = Assets.xcassets; sourceTree = "<group>"; };
		BA4B63C62E8E8A280095F52E /* ContentView.swift */ = {isa = PBXFileReference; lastKnownFileType = sourcecode.swift; path = ContentView.swift; sourceTree = "<group>"; };
		BA4B67BF2E8E91040095F52E /* Lottie.framework */ = {isa = PBXFileReference; explicitFileType = wrapper.framework; path = Lottie.framework; sourceTree = BUILT_PRODUCTS_DIR; };
		BA4B67D52E8E97460095F52E /* Images.xcassets */ = {isa = PBXFileReference; lastKnownFileType = folder.assetcatalog; path = Images.xcassets; sourceTree = "<group>"; };
		BAEBA1D82E8C0FD60079A10C /* PostViewerApp.app */ = {isa = PBXFileReference; explicitFileType = wrapper.application; includeInIndex = 0; path = PostViewerApp.app; sourceTree = BUILT_PRODUCTS_DIR; };
/* End PBXFileReference section */

/* Begin PBXFrameworksBuildPhase section */
		BAEBA1D52E8C0FD60079A10C /* Frameworks */ = {
			isa = PBXFrameworksBuildPhase;
			buildActionMask = 2147483647;
			files = (
			);
			runOnlyForDeploymentPostprocessing = 0;
		};
/* End PBXFrameworksBuildPhase section */

/* Begin PBXGroup section */
		BA4B63B42E8E8A280095F52E /* CommonUtilities */ = {
			isa = PBXGroup;
			children = (
			);
			path = CommonUtilities;
			sourceTree = "<group>";
		};
		BA4B63B62E8E8A280095F52E /* Favorites */ = {
			isa = PBXGroup;
			children = (
				BA4B63B52E8E8A280095F52E /* FavoritesView.swift */,
			);
			path = Favorites;
			sourceTree = "<group>";
		};
		BA4B63BA2E8E8A280095F52E /* PostListing */ = {
			isa = PBXGroup;
			children = (
				BA4B63B72E8E8A280095F52E /* PostDetailView.swift */,
				BA4B63B82E8E8A280095F52E /* PostRowView.swift */,
				BA4B63B92E8E8A280095F52E /* PostsListView.swift */,
			);
			path = PostListing;
			sourceTree = "<group>";
		};
		BA4B63BC2E8E8A280095F52E /* Home */ = {
			isa = PBXGroup;
			children = (
				BA4B63B62E8E8A280095F52E /* Favorites */,
				BA4B63BA2E8E8A280095F52E /* PostListing */,
				BA4B63BB2E8E8A280095F52E /* HomeView.swift */,
			);
			path = Home;
			sourceTree = "<group>";
		};
		BA4B63BE2E8E8A280095F52E /* Main */ = {
			isa = PBXGroup;
			children = (
				BA4B63BD2E8E8A280095F52E /* PostViewerApp.swift */,
			);
			path = Main;
			sourceTree = "<group>";
		};
		BA4B63C02E8E8A280095F52E /* Model */ = {
			isa = PBXGroup;
			children = (
				BA4B63BF2E8E8A280095F52E /* PostModel.swift */,
			);
			path = Model;
			sourceTree = "<group>";
		};
		BA4B63C22E8E8A280095F52E /* NetworkManager */ = {
			isa = PBXGroup;
			children = (
				BA4B63C12E8E8A280095F52E /* NetworkManager.swift */,
			);
			path = NetworkManager;
			sourceTree = "<group>";
		};
		BA4B63C42E8E8A280095F52E /* ViewModel */ = {
			isa = PBXGroup;
			children = (
				BA4B63C32E8E8A280095F52E /* PostsViewModel.swift */,
			);
			path = ViewModel;
			sourceTree = "<group>";
		};
		BA4B63C82E8E8A280095F52E /* PostViewerApp */ = {
			isa = PBXGroup;
			children = (
				BA4B63B42E8E8A280095F52E /* CommonUtilities */,
				BA4B63BC2E8E8A280095F52E /* Home */,
				BA4B63BE2E8E8A280095F52E /* Main */,
				BA4B63C02E8E8A280095F52E /* Model */,
				BA4B63C22E8E8A280095F52E /* NetworkManager */,
				BA4B63C42E8E8A280095F52E /* ViewModel */,
				BA4B63C52E8E8A280095F52E /* Assets.xcassets */,
				BA4B67D52E8E97460095F52E /* Images.xcassets */,
				BA4B63C62E8E8A280095F52E /* ContentView.swift */,
			);
			path = PostViewerApp;
			sourceTree = "<group>";
		};
		BAEBA1CF2E8C0FD60079A10C = {
			isa = PBXGroup;
			children = (
				BA4B63C82E8E8A280095F52E /* PostViewerApp */,
				BAEBA1D92E8C0FD60079A10C /* Products */,
				DF9AE01C54678A724E14664E /* Frameworks */,
			);
			sourceTree = "<group>";
		};
		BAEBA1D92E8C0FD60079A10C /* Products */ = {
			isa = PBXGroup;
			children = (
				BAEBA1D82E8C0FD60079A10C /* PostViewerApp.app */,
			);
			name = Products;
			sourceTree = "<group>";
		};
		DF9AE01C54678A724E14664E /* Frameworks */ = {
			isa = PBXGroup;
			children = (
				BA4B67BF2E8E91040095F52E /* Lottie.framework */,
			);
			name = Frameworks;
			sourceTree = "<group>";
		};
/* End PBXGroup section */

/* Begin PBXNativeTarget section */
		BAEBA1D72E8C0FD60079A10C /* PostViewerApp */ = {
			isa = PBXNativeTarget;
			buildConfigurationList = BAEBA1E32E8C0FD80079A10C /* Build configuration list for PBXNativeTarget "PostViewerApp" */;
			buildPhases = (
				BAEBA1D42E8C0FD60079A10C /* Sources */,
				BAEBA1D52E8C0FD60079A10C /* Frameworks */,
				BAEBA1D62E8C0FD60079A10C /* Resources */,
			);
			buildRules = (
			);
			dependencies = (
			);
			name = PostViewerApp;
			productName = PostViewerApp;
			productReference = BAEBA1D82E8C0FD60079A10C /* PostViewerApp.app */;
			productType = "com.apple.product-type.application";
		};
/* End PBXNativeTarget section */

/* Begin PBXProject section */
		BAEBA1D02E8C0FD60079A10C /* Project object */ = {
			isa = PBXProject;
			attributes = {
				BuildIndependentTargetsInParallel = 1;
				LastSwiftUpdateCheck = 2600;
				LastUpgradeCheck = 2600;
				TargetAttributes = {
					BAEBA1D72E8C0FD60079A10C = {
						CreatedOnToolsVersion = 26.0.1;
					};
				};
			};
			buildConfigurationList = BAEBA1D32E8C0FD60079A10C /* Build configuration list for PBXProject "PostViewerApp" */;
			developmentRegion = en;
			hasScannedForEncodings = 0;
			knownRegions = (
				en,
				Base,
			);
			mainGroup = BAEBA1CF2E8C0FD60079A10C;
			minimizedProjectReferenceProxies = 1;
			preferredProjectObjectVersion = 77;
			productRefGroup = BAEBA1D92E8C0FD60079A10C /* Products */;
			projectDirPath = "";
			projectRoot = "";
			targets = (
				BAEBA1D72E8C0FD60079A10C /* PostViewerApp */,
			);
		};
/* End PBXProject section */

/* Begin PBXResourcesBuildPhase section */
		BAEBA1D62E8C0FD60079A10C /* Resources */ = {
			isa = PBXResourcesBuildPhase;
			buildActionMask = 2147483647;
			files = (
				BA4B63D42E8E8A280095F52E /* Assets.xcassets in Resources */,
				BA4B67D62E8E97460095F52E /* Images.xcassets in Resources */,
			);
			runOnlyForDeploymentPostprocessing = 0;
		};
/* End PBXResourcesBuildPhase section */

/* Begin PBXSourcesBuildPhase section */
		BAEBA1D42E8C0FD60079A10C /* Sources */ = {
			isa = PBXSourcesBuildPhase;
			buildActionMask = 2147483647;
			files = (
				BA4B63C92E8E8A280095F52E /* FavoritesView.swift in Sources */,
				BA4B63CA2E8E8A280095F52E /* PostDetailView.swift in Sources */,
				BA4B63CB2E8E8A280095F52E /* PostRowView.swift in Sources */,
				BA4B63CC2E8E8A280095F52E /* PostsListView.swift in Sources */,
				BA4B63CD2E8E8A280095F52E /* HomeView.swift in Sources */,
				BA4B63CE2E8E8A280095F52E /* PostViewerApp.swift in Sources */,
				BA4B63CF2E8E8A280095F52E /* PostModel.swift in Sources */,
				BA4B63D02E8E8A280095F52E /* NetworkManager.swift in Sources */,
				BA4B63D12E8E8A280095F52E /* PostsViewModel.swift in Sources */,
				BA4B63D22E8E8A280095F52E /* ContentView.swift in Sources */,
			);
			runOnlyForDeploymentPostprocessing = 0;
		};
/* End PBXSourcesBuildPhase section */

/* Begin XCBuildConfiguration section */
		BAEBA1E12E8C0FD80079A10C /* Debug */ = {
			isa = XCBuildConfiguration;
			buildSettings = {
				ALWAYS_SEARCH_USER_PATHS = NO;
				ASSETCATALOG_COMPILER_GENERATE_SWIFT_ASSET_SYMBOL_EXTENSIONS = YES;
				CLANG_ANALYZER_NONNULL = YES;
				CLANG_ANALYZER_NUMBER_OBJECT_CONVERSION = YES_AGGRESSIVE;
				CLANG_CXX_LANGUAGE_STANDARD = "gnu++20";
				CLANG_ENABLE_MODULES = YES;
				CLANG_ENABLE_OBJC_ARC = YES;
				CLANG_ENABLE_OBJC_WEAK = YES;
				CLANG_WARN_BLOCK_CAPTURE_AUTORELEASING = YES;
				CLANG_WARN_BOOL_CONVERSION = YES;
				CLANG_WARN_COMMA = YES;
				CLANG_WARN_CONSTANT_CONVERSION = YES;
				CLANG_WARN_DEPRECATED_OBJC_IMPLEMENTATIONS = YES;
				CLANG_WARN_DIRECT_OBJC_ISA_USAGE = YES_ERROR;
				CLANG_WARN_DOCUMENTATION_COMMENTS = YES;
				CLANG_WARN_EMPTY_BODY = YES;
				CLANG_WARN_ENUM_CONVERSION = YES;
				CLANG_WARN_INFINITE_RECURSION = YES;
				CLANG_WARN_INT_CONVERSION = YES;
				CLANG_WARN_NON_LITERAL_NULL_CONVERSION = YES;
				CLANG_WARN_OBJC_IMPLICIT_RETAIN_SELF = YES;
				CLANG_WARN_OBJC_LITERAL_CONVERSION = YES;
				CLANG_WARN_OBJC_ROOT_CLASS = YES_ERROR;
				CLANG_WARN_QUOTED_INCLUDE_IN_FRAMEWORK_HEADER = YES;
				CLANG_WARN_RANGE_LOOP_ANALYSIS = YES;
				CLANG_WARN_STRICT_PROTOTYPES = YES;
				CLANG_WARN_SUSPICIOUS_MOVE = YES;
				CLANG_WARN_UNGUARDED_AVAILABILITY = YES_AGGRESSIVE;
				CLANG_WARN_UNREACHABLE_CODE = YES;
				CLANG_WARN__DUPLICATE_METHOD_MATCH = YES;
				COPY_PHASE_STRIP = NO;
				DEBUG_INFORMATION_FORMAT = dwarf;
				ENABLE_STRICT_OBJC_MSGSEND = YES;
				ENABLE_TESTABILITY = YES;
				ENABLE_USER_SCRIPT_SANDBOXING = YES;
				GCC_C_LANGUAGE_STANDARD = gnu17;
				GCC_DYNAMIC_NO_PIC = NO;
				GCC_NO_COMMON_BLOCKS = YES;
				GCC_OPTIMIZATION_LEVEL = 0;
				GCC_PREPROCESSOR_DEFINITIONS = (
					"DEBUG=1",
					"$(inherited)",
				);
				GCC_WARN_64_TO_32_BIT_CONVERSION = YES;
				GCC_WARN_ABOUT_RETURN_TYPE = YES_ERROR;
				GCC_WARN_UNDECLARED_SELECTOR = YES;
				GCC_WARN_UNINITIALIZED_AUTOS = YES_AGGRESSIVE;
				GCC_WARN_UNUSED_FUNCTION = YES;
				GCC_WARN_UNUSED_VARIABLE = YES;
				IPHONEOS_DEPLOYMENT_TARGET = 26.0;
				LOCALIZATION_PREFERS_STRING_CATALOGS = YES;
				MTL_ENABLE_DEBUG_INFO = INCLUDE_SOURCE;
				MTL_FAST_MATH = YES;
				ONLY_ACTIVE_ARCH = YES;
				SDKROOT = iphoneos;
				SWIFT_ACTIVE_COMPILATION_CONDITIONS = "DEBUG $(inherited)";
				SWIFT_OPTIMIZATION_LEVEL = "-Onone";
			};
			name = Debug;
		};
		BAEBA1E22E8C0FD80079A10C /* Release */ = {
			isa = XCBuildConfiguration;
			buildSettings = {
				ALWAYS_SEARCH_USER_PATHS = NO;
				ASSETCATALOG_COMPILER_GENERATE_SWIFT_ASSET_SYMBOL_EXTENSIONS = YES;
				CLANG_ANALYZER_NONNULL = YES;
				CLANG_ANALYZER_NUMBER_OBJECT_CONVERSION = YES_AGGRESSIVE;
				CLANG_CXX_LANGUAGE_STANDARD = "gnu++20";
				CLANG_ENABLE_MODULES = YES;
				CLANG_ENABLE_OBJC_ARC = YES;
				CLANG_ENABLE_OBJC_WEAK = YES;
				CLANG_WARN_BLOCK_CAPTURE_AUTORELEASING = YES;
				CLANG_WARN_BOOL_CONVERSION = YES;
				CLANG_WARN_COMMA = YES;
				CLANG_WARN_CONSTANT_CONVERSION = YES;
				CLANG_WARN_DEPRECATED_OBJC_IMPLEMENTATIONS = YES;
				CLANG_WARN_DIRECT_OBJC_ISA_USAGE = YES_ERROR;
				CLANG_WARN_DOCUMENTATION_COMMENTS = YES;
				CLANG_WARN_EMPTY_BODY = YES;
				CLANG_WARN_ENUM_CONVERSION = YES;
				CLANG_WARN_INFINITE_RECURSION = YES;
				CLANG_WARN_INT_CONVERSION = YES;
				CLANG_WARN_NON_LITERAL_NULL_CONVERSION = YES;
				CLANG_WARN_OBJC_IMPLICIT_RETAIN_SELF = YES;
				CLANG_WARN_OBJC_LITERAL_CONVERSION = YES;
				CLANG_WARN_OBJC_ROOT_CLASS = YES_ERROR;
				CLANG_WARN_QUOTED_INCLUDE_IN_FRAMEWORK_HEADER = YES;
				CLANG_WARN_RANGE_LOOP_ANALYSIS = YES;
				CLANG_WARN_STRICT_PROTOTYPES = YES;
				CLANG_WARN_SUSPICIOUS_MOVE = YES;
				CLANG_WARN_UNGUARDED_AVAILABILITY = YES_AGGRESSIVE;
				CLANG_WARN_UNREACHABLE_CODE = YES;
				CLANG_WARN__DUPLICATE_METHOD_MATCH = YES;
				COPY_PHASE_STRIP = NO;
				DEBUG_INFORMATION_FORMAT = "dwarf-with-dsym";
				ENABLE_NS_ASSERTIONS = NO;
				ENABLE_STRICT_OBJC_MSGSEND = YES;
				ENABLE_USER_SCRIPT_SANDBOXING = YES;
				GCC_C_LANGUAGE_STANDARD = gnu17;
				GCC_NO_COMMON_BLOCKS = YES;
				GCC_WARN_64_TO_32_BIT_CONVERSION = YES;
				GCC_WARN_ABOUT_RETURN_TYPE = YES_ERROR;
				GCC_WARN_UNDECLARED_SELECTOR = YES;
				GCC_WARN_UNINITIALIZED_AUTOS = YES_AGGRESSIVE;
				GCC_WARN_UNUSED_FUNCTION = YES;
				GCC_WARN_UNUSED_VARIABLE = YES;
				IPHONEOS_DEPLOYMENT_TARGET = 26.0;
				LOCALIZATION_PREFERS_STRING_CATALOGS = YES;
				MTL_ENABLE_DEBUG_INFO = NO;
				MTL_FAST_MATH = YES;
				SDKROOT = iphoneos;
				SWIFT_COMPILATION_MODE = wholemodule;
				VALIDATE_PRODUCT = YES;
			};
			name = Release;
		};
		BAEBA1E42E8C0FD80079A10C /* Debug */ = {
			isa = XCBuildConfiguration;
			buildSettings = {
				ASSETCATALOG_COMPILER_APPICON_NAME = AppIcon;
				ASSETCATALOG_COMPILER_GLOBAL_ACCENT_COLOR_NAME = AccentColor;
				CODE_SIGN_STYLE = Manual;
				CURRENT_PROJECT_VERSION = 1;
				DEVELOPMENT_TEAM = "";
				ENABLE_PREVIEWS = YES;
				GENERATE_INFOPLIST_FILE = YES;
				INFOPLIST_KEY_UIApplicationSceneManifest_Generation = YES;
				INFOPLIST_KEY_UIApplicationSupportsIndirectInputEvents = YES;
				INFOPLIST_KEY_UILaunchScreen_Generation = YES;
				INFOPLIST_KEY_UISupportedInterfaceOrientations_iPad = "UIInterfaceOrientationPortrait UIInterfaceOrientationPortraitUpsideDown UIInterfaceOrientationLandscapeLeft UIInterfaceOrientationLandscapeRight";
				INFOPLIST_KEY_UISupportedInterfaceOrientations_iPhone = "UIInterfaceOrientationPortrait UIInterfaceOrientationLandscapeLeft UIInterfaceOrientationLandscapeRight";
				IPHONEOS_DEPLOYMENT_TARGET = 15.6;
				LD_RUNPATH_SEARCH_PATHS = (
					"$(inherited)",
					"@executable_path/Frameworks",
				);
				MARKETING_VERSION = 1.0;
				PRODUCT_BUNDLE_IDENTIFIER = com.postViewer.app.PostViewerApp;
				PRODUCT_NAME = "$(TARGET_NAME)";
				PROVISIONING_PROFILE_SPECIFIER = "";
				STRING_CATALOG_GENERATE_SYMBOLS = YES;
				SWIFT_APPROACHABLE_CONCURRENCY = YES;
				SWIFT_DEFAULT_ACTOR_ISOLATION = MainActor;
				SWIFT_EMIT_LOC_STRINGS = YES;
				SWIFT_UPCOMING_FEATURE_MEMBER_IMPORT_VISIBILITY = YES;
				SWIFT_VERSION = 5.0;
				TARGETED_DEVICE_FAMILY = "1,2";
			};
			name = Debug;
		};
		BAEBA1E52E8C0FD80079A10C /* Release */ = {
			isa = XCBuildConfiguration;
			buildSettings = {
				ASSETCATALOG_COMPILER_APPICON_NAME = AppIcon;
				ASSETCATALOG_COMPILER_GLOBAL_ACCENT_COLOR_NAME = AccentColor;
				CODE_SIGN_STYLE = Manual;
				CURRENT_PROJECT_VERSION = 1;
				DEVELOPMENT_TEAM = "";
				ENABLE_PREVIEWS = YES;
				GENERATE_INFOPLIST_FILE = YES;
				INFOPLIST_KEY_UIApplicationSceneManifest_Generation = YES;
				INFOPLIST_KEY_UIApplicationSupportsIndirectInputEvents = YES;
				INFOPLIST_KEY_UILaunchScreen_Generation = YES;
				INFOPLIST_KEY_UISupportedInterfaceOrientations_iPad = "UIInterfaceOrientationPortrait UIInterfaceOrientationPortraitUpsideDown UIInterfaceOrientationLandscapeLeft UIInterfaceOrientationLandscapeRight";
				INFOPLIST_KEY_UISupportedInterfaceOrientations_iPhone = "UIInterfaceOrientationPortrait UIInterfaceOrientationLandscapeLeft UIInterfaceOrientationLandscapeRight";
				IPHONEOS_DEPLOYMENT_TARGET = 15.6;
				LD_RUNPATH_SEARCH_PATHS = (
					"$(inherited)",
					"@executable_path/Frameworks",
				);
				MARKETING_VERSION = 1.0;
				PRODUCT_BUNDLE_IDENTIFIER = com.postViewer.app.PostViewerApp;
				PRODUCT_NAME = "$(TARGET_NAME)";
				PROVISIONING_PROFILE_SPECIFIER = "";
				STRING_CATALOG_GENERATE_SYMBOLS = YES;
				SWIFT_APPROACHABLE_CONCURRENCY = YES;
				SWIFT_DEFAULT_ACTOR_ISOLATION = MainActor;
				SWIFT_EMIT_LOC_STRINGS = YES;
				SWIFT_UPCOMING_FEATURE_MEMBER_IMPORT_VISIBILITY = YES;
				SWIFT_VERSION = 5.0;
				TARGETED_DEVICE_FAMILY = "1,2";
			};
			name = Release;
		};
/* End XCBuildConfiguration section */

/* Begin XCConfigurationList section */
		BAEBA1D32E8C0FD60079A10C /* Build configuration list for PBXProject "PostViewerApp" */ = {
			isa = XCConfigurationList;
			buildConfigurations = (
				BAEBA1E12E8C0FD80079A10C /* Debug */,
				BAEBA1E22E8C0FD80079A10C /* Release */,
			);
			defaultConfigurationIsVisible = 0;
			defaultConfigurationName = Release;
		};
		BAEBA1E32E8C0FD80079A10C /* Build configuration list for PBXNativeTarget "PostViewerApp" */ = {
			isa = XCConfigurationList;
			buildConfigurations = (
				BAEBA1E42E8C0FD80079A10C /* Debug */,
				BAEBA1E52E8C0FD80079A10C /* Release */,
			);
			defaultConfigurationIsVisible = 0;
			defaultConfigurationName = Release;
		};
/* End XCConfigurationList section */
	};
	rootObject = BAEBA1D02E8C0FD60079A10C /* Project object */;
}
